
Microsoft Visual Studio Solution File, Format Version 12.00
# Visual Studio 15
VisualStudioVersion = 15.0.28010.2041
MinimumVisualStudioVersion = 10.0.40219.1
Project("{FAE04EC0-301F-11D3-BF4B-00C04F79EFBC}") = "Bookkeeping", "Bookkeeping\Bookkeeping.csproj", "{A54C0EF8-3AFB-407E-AE98-CF80F075409C}"
EndProject
Global
	GlobalSection(SolutionConfigurationPlatforms) = preSolution
		Debug|Any CPU = Debug|Any CPU
		Release|Any CPU = Release|Any CPU
	EndGlobalSection
	GlobalSection(ProjectConfigurationPlatforms) = postSolution
		{A54C0EF8-3AFB-407E-AE98-CF80F075409C}.Debug|Any CPU.ActiveCfg = Debug|Any CPU
		{A54C0EF8-3AFB-407E-AE98-CF80F075409C}.Debug|Any CPU.Build.0 = Debug|Any CPU
		{A54C0EF8-3AFB-407E-AE98-CF80F075409C}.Release|Any CPU.ActiveCfg = Release|Any CPU
		{A54C0EF8-3AFB-407E-AE98-CF80F075409C}.Release|Any CPU.Build.0 = Release|Any CPU
	EndGlobalSection
	GlobalSection(SolutionProperties) = preSolution
		HideSolutionNode = FALSE
	EndGlobalSection
	GlobalSection(ExtensibilityGlobals) = postSolution
		SolutionGuid = {1AA93035-6E55-493A-B137-85CAB6156CBD}
	EndGlobalSection
EndGlobal
