
Microsoft Visual Studio Solution File, Format Version 12.00
# Visual Studio 15
VisualStudioVersion = 15.0.28010.2041
MinimumVisualStudioVersion = 10.0.40219.1
Project("{9A19103F-16F7-4668-BE54-9A1E7A4F7556}") = "BookkeepingNasheDetstvo.Server", "BookkeepingNasheDetstvo.Server\BookkeepingNasheDetstvo.Server.csproj", "{FD742D2A-C73C-4D48-85D6-B8DADA7F6CCB}"
EndProject
Project("{9A19103F-16F7-4668-BE54-9A1E7A4F7556}") = "BookkeepingNasheDetstvo.Client", "BookkeepingNasheDetstvo.Client\BookkeepingNasheDetstvo.Client.csproj", "{2D183D56-B9AA-47EB-9764-B294E0F3E9BC}"
EndProject
Global
	GlobalSection(SolutionConfigurationPlatforms) = preSolution
		Debug|Any CPU = Debug|Any CPU
		Release|Any CPU = Release|Any CPU
	EndGlobalSection
	GlobalSection(ProjectConfigurationPlatforms) = postSolution
		{FD742D2A-C73C-4D48-85D6-B8DADA7F6CCB}.Debug|Any CPU.ActiveCfg = Debug|Any CPU
		{FD742D2A-C73C-4D48-85D6-B8DADA7F6CCB}.Debug|Any CPU.Build.0 = Debug|Any CPU
		{FD742D2A-C73C-4D48-85D6-B8DADA7F6CCB}.Release|Any CPU.ActiveCfg = Release|Any CPU
		{FD742D2A-C73C-4D48-85D6-B8DADA7F6CCB}.Release|Any CPU.Build.0 = Release|Any CPU
		{2D183D56-B9AA-47EB-9764-B294E0F3E9BC}.Debug|Any CPU.ActiveCfg = Debug|Any CPU
		{2D183D56-B9AA-47EB-9764-B294E0F3E9BC}.Debug|Any CPU.Build.0 = Debug|Any CPU
		{2D183D56-B9AA-47EB-9764-B294E0F3E9BC}.Release|Any CPU.ActiveCfg = Release|Any CPU
		{2D183D56-B9AA-47EB-9764-B294E0F3E9BC}.Release|Any CPU.Build.0 = Release|Any CPU
	EndGlobalSection
	GlobalSection(SolutionProperties) = preSolution
		HideSolutionNode = FALSE
	EndGlobalSection
	GlobalSection(ExtensibilityGlobals) = postSolution
		SolutionGuid = {1AA93035-6E55-493A-B137-85CAB6156CBD}
	EndGlobalSection
EndGlobal
